
Microsoft Visual Studio Solution File, Format Version 12.00
Project("{FAE04EC0-301F-11D3-BF4B-00C04F79EFBC}") = "EncodingHelper", "EncodingHelper\EncodingHelper.csproj", "{F9FB9C6D-DDB7-4F72-9075-BE3FDC81BBD1}"
EndProject
Project("{FAE04EC0-301F-11D3-BF4B-00C04F79EFBC}") = "EncodingHelper.Tests", "EncodingHelper.Tests\EncodingHelper.Tests.csproj", "{635181E2-0499-4A91-BC72-5A30EACC83E0}"
EndProject
Global
	GlobalSection(SolutionConfigurationPlatforms) = preSolution
		Debug|Any CPU = Debug|Any CPU
		Release|Any CPU = Release|Any CPU
	EndGlobalSection
	GlobalSection(ProjectConfigurationPlatforms) = postSolution
		{F9FB9C6D-DDB7-4F72-9075-BE3FDC81BBD1}.Debug|Any CPU.ActiveCfg = Debug|Any CPU
		{F9FB9C6D-DDB7-4F72-9075-BE3FDC81BBD1}.Debug|Any CPU.Build.0 = Debug|Any CPU
		{F9FB9C6D-DDB7-4F72-9075-BE3FDC81BBD1}.Release|Any CPU.ActiveCfg = Release|Any CPU
		{F9FB9C6D-DDB7-4F72-9075-BE3FDC81BBD1}.Release|Any CPU.Build.0 = Release|Any CPU
		{635181E2-0499-4A91-BC72-5A30EACC83E0}.Debug|Any CPU.ActiveCfg = Debug|Any CPU
		{635181E2-0499-4A91-BC72-5A30EACC83E0}.Debug|Any CPU.Build.0 = Debug|Any CPU
		{635181E2-0499-4A91-BC72-5A30EACC83E0}.Release|Any CPU.ActiveCfg = Release|Any CPU
		{635181E2-0499-4A91-BC72-5A30EACC83E0}.Release|Any CPU.Build.0 = Release|Any CPU
	EndGlobalSection
EndGlobal
